
Microsoft Visual Studio Solution File, Format Version 12.00
Project("{FAE04EC0-301F-11D3-BF4B-00C04F79EFBC}") = "Dahag.Keycloak.OpenApiGenerator.Cli", "Dahag.Keycloak.OpenApiGenerator.Cli\Dahag.Keycloak.OpenApiGenerator.Cli.csproj", "{3AB7D1D0-9C21-4140-A40F-DCA0C09C4C2F}"
EndProject
Project("{FAE04EC0-301F-11D3-BF4B-00C04F79EFBC}") = "Dahag.Keycloak.OpenApiGenerator", "Dahag.Keycloak.OpenApiGenerator\Dahag.Keycloak.OpenApiGenerator.csproj", "{2576DC86-0082-4078-B043-F348FEBDBE9C}"
EndProject
Project("{FAE04EC0-301F-11D3-BF4B-00C04F79EFBC}") = "Dahag.Keycloak.OpenApiGenerator.Tests", "Dahag.Keycloak.OpenApiGenerator.Tests\Dahag.Keycloak.OpenApiGenerator.Tests.csproj", "{A1936163-927A-4E52-9D31-BD014AD35174}"
EndProject
Global
	GlobalSection(SolutionConfigurationPlatforms) = preSolution
		Debug|Any CPU = Debug|Any CPU
		Release|Any CPU = Release|Any CPU
	EndGlobalSection
	GlobalSection(ProjectConfigurationPlatforms) = postSolution
		{3AB7D1D0-9C21-4140-A40F-DCA0C09C4C2F}.Debug|Any CPU.ActiveCfg = Debug|Any CPU
		{3AB7D1D0-9C21-4140-A40F-DCA0C09C4C2F}.Debug|Any CPU.Build.0 = Debug|Any CPU
		{3AB7D1D0-9C21-4140-A40F-DCA0C09C4C2F}.Release|Any CPU.ActiveCfg = Release|Any CPU
		{3AB7D1D0-9C21-4140-A40F-DCA0C09C4C2F}.Release|Any CPU.Build.0 = Release|Any CPU
		{2576DC86-0082-4078-B043-F348FEBDBE9C}.Debug|Any CPU.ActiveCfg = Debug|Any CPU
		{2576DC86-0082-4078-B043-F348FEBDBE9C}.Debug|Any CPU.Build.0 = Debug|Any CPU
		{2576DC86-0082-4078-B043-F348FEBDBE9C}.Release|Any CPU.ActiveCfg = Release|Any CPU
		{2576DC86-0082-4078-B043-F348FEBDBE9C}.Release|Any CPU.Build.0 = Release|Any CPU
		{A1936163-927A-4E52-9D31-BD014AD35174}.Debug|Any CPU.ActiveCfg = Debug|Any CPU
		{A1936163-927A-4E52-9D31-BD014AD35174}.Debug|Any CPU.Build.0 = Debug|Any CPU
		{A1936163-927A-4E52-9D31-BD014AD35174}.Release|Any CPU.ActiveCfg = Release|Any CPU
		{A1936163-927A-4E52-9D31-BD014AD35174}.Release|Any CPU.Build.0 = Release|Any CPU
	EndGlobalSection
EndGlobal
